{
    "_readme": [
        "This file locks the dependencies of your project to a known state",
        "Read more about it at https://getcomposer.org/doc/01-basic-usage.md#composer-lock-the-lock-file",
        "This file is @generated automatically"
    ],
    "hash": "ec4d9e6148ff1c1175973531b8c1d60e",
    "content-hash": "63c0d50ef1951cd964b6d8d67360e209",
    "packages": [
        {
            "name": "esky/enum",
            "version": "1.1.1",
            "source": {
                "type": "git",
                "url": "https://github.com/eskypl/enum.git",
                "reference": "eb8f42f8fb372bef8b8edacc28eecc129d177dcc"
            },
            "dist": {
                "type": "zip",
                "url": "https://api.github.com/repos/eskypl/enum/zipball/eb8f42f8fb372bef8b8edacc28eecc129d177dcc",
                "reference": "eb8f42f8fb372bef8b8edacc28eecc129d177dcc",
                "shasum": ""
            },
            "require": {
                "php": ">=5.3.0"
            },
            "require-dev": {
                "phpunit/phpunit": "3.7.23"
            },
            "type": "library",
            "autoload": {
                "psr-0": {
                    "Esky\\Enum": [
                        "src",
                        "tests"
                    ]
                }
            },
            "notification-url": "https://packagist.org/downloads/",
            "license": [
                "MIT"
            ],
            "description": "PHP Enum implementation",
            "time": "2015-05-17 09:47:42"
        },
        {
            "name": "knplabs/gaufrette",
            "version": "0.2.1",
            "source": {
                "type": "git",
                "url": "https://github.com/KnpLabs/Gaufrette.git",
                "reference": "1696386ca66f2f046dea7892cf1f85fd82b5b68e"
            },
            "dist": {
                "type": "zip",
                "url": "https://api.github.com/repos/KnpLabs/Gaufrette/zipball/1696386ca66f2f046dea7892cf1f85fd82b5b68e",
                "reference": "1696386ca66f2f046dea7892cf1f85fd82b5b68e",
                "shasum": ""
            },
            "require": {
                "php": ">=5.3.2"
            },
            "require-dev": {
                "amazonwebservices/aws-sdk-for-php": "1.5.*",
                "aws/aws-sdk-php": "~2",
                "doctrine/dbal": ">=2.3",
                "dropbox-php/dropbox-php": "*",
                "google/apiclient": "~1.1.3",
                "herzult/php-ssh": "*",
                "microsoft/windowsazure": "dev-master",
                "mikey179/vfsstream": "~1.2.0",
                "phpseclib/phpseclib": "^2.0",
                "phpspec/phpspec": "2.0.*",
                "phpunit/phpunit": "3.7.*",
                "rackspace/php-opencloud": "1.9.*"
            },
            "suggest": {
                "amazonwebservices/aws-sdk-for-php": "to use the legacy Amazon S3 adapters",
                "aws/aws-sdk-php": "to use the Amazon S3 adapter",
                "doctrine/dbal": "to use the Doctrine DBAL adapter",
                "dropbox-php/dropbox-php": "to use the Dropbox adapter",
                "ext-apc": "to use the APC adapter",
                "ext-curl": "*",
                "ext-fileinfo": "This extension is used to automatically detect the content-type of a file in the AwsS3, OpenCloud, AzureBlogStorage and GoogleCloudStorage adapters",
                "ext-mbstring": "*",
                "ext-mongo": "*",
                "ext-zip": "to use the Zip adapter",
                "google/apiclient": "to use GoogleCloudStorage adapter",
                "herzult/php-ssh": "to use SFtp adapter",
                "knplabs/knp-gaufrette-bundle": "to use with Symfony2",
                "microsoft/windowsazure": "to use Microsoft Azure Blob Storage adapter",
                "phpseclib/phpseclib": "to use PhpseclibSftp adapter",
                "rackspace/php-opencloud": "to use Opencloud adapter"
            },
            "type": "library",
            "extra": {
                "branch-alias": {
                    "dev-master": "0.4.x-dev"
                }
            },
            "autoload": {
                "psr-0": {
                    "Gaufrette": "src/"
                }
            },
            "notification-url": "https://packagist.org/downloads/",
            "license": [
                "MIT"
            ],
            "authors": [
                {
                    "name": "The contributors",
                    "homepage": "http://github.com/knplabs/Gaufrette/contributors"
                },
                {
                    "name": "KnpLabs Team",
                    "homepage": "http://knplabs.com"
                }
            ],
            "description": "PHP5 library that provides a filesystem abstraction layer",
            "homepage": "http://knplabs.com",
            "keywords": [
                "abstraction",
                "file",
                "filesystem",
                "media"
            ],
            "time": "2016-03-03 09:36:22"
        },
        {
            "name": "moneyphp/money",
            "version": "v3.0.0",
            "source": {
                "type": "git",
                "url": "https://github.com/moneyphp/money.git",
                "reference": "ffd114125b7ed474201e67fe060ea605debfb66e"
            },
            "dist": {
                "type": "zip",
                "url": "https://api.github.com/repos/moneyphp/money/zipball/ffd114125b7ed474201e67fe060ea605debfb66e",
                "reference": "ffd114125b7ed474201e67fe060ea605debfb66e",
                "shasum": ""
            },
            "require": {
                "php": ">=5.5"
            },
            "require-dev": {
                "cache/taggable-cache": "^0.4.0",
                "ext-bcmath": "*",
                "ext-gmp": "*",
                "ext-intl": "*",
                "florianv/swap": "^3.0",
                "henrikbjorn/phpspec-code-coverage": "^2.0.2",
                "moneyphp/iso-currencies": "^1.0",
                "php-http/message": "^1.4",
                "php-http/mock-client": "^0.3.3",
                "phpspec/phpspec": "^2.5",
                "phpunit/phpunit": "^4.5",
                "psr/cache": "^1.0",
                "sllh/php-cs-fixer-styleci-bridge": "^2.1"
            },
            "suggest": {
                "ext-bcmath": "Calculate without integer limits",
                "ext-gmp": "Calculate without integer limits",
                "ext-intl": "Format Money objects with intl",
                "florianv/swap": "Exchange rates library for PHP",
                "psr/cache-implementation": "Used for Currency caching"
            },
            "type": "library",
            "extra": {
                "branch-alias": {
                    "dev-master": "3.0-dev"
                }
            },
            "autoload": {
                "psr-4": {
                    "Money\\": "src/"
                }
            },
            "notification-url": "https://packagist.org/downloads/",
            "license": [
                "MIT"
            ],
            "authors": [
                {
                    "name": "Mathias Verraes",
                    "email": "mathias@verraes.net",
                    "homepage": "http://verraes.net"
                },
                {
                    "name": "Frederik Bosch",
                    "email": "f.bosch@genkgo.nl"
                },
                {
                    "name": "Márk Sági-Kazár",
                    "email": "mark.sagi-kazar@gmail.com"
                }
            ],
            "description": "PHP implementation of Fowler's Money pattern",
            "homepage": "http://verraes.net/2011/04/fowler-money-pattern-in-php/",
            "keywords": [
                "Value Object",
                "money",
                "vo"
            ],
            "time": "2016-10-26 08:11:59"
        },
        {
            "name": "paragonie/random_compat",
            "version": "v2.0.4",
            "source": {
                "type": "git",
                "url": "https://github.com/paragonie/random_compat.git",
                "reference": "a9b97968bcde1c4de2a5ec6cbd06a0f6c919b46e"
            },
            "dist": {
                "type": "zip",
                "url": "https://api.github.com/repos/paragonie/random_compat/zipball/a9b97968bcde1c4de2a5ec6cbd06a0f6c919b46e",
                "reference": "a9b97968bcde1c4de2a5ec6cbd06a0f6c919b46e",
                "shasum": ""
            },
            "require": {
                "php": ">=5.2.0"
            },
            "require-dev": {
                "phpunit/phpunit": "4.*|5.*"
            },
            "suggest": {
                "ext-libsodium": "Provides a modern crypto API that can be used to generate random bytes."
            },
            "type": "library",
            "autoload": {
                "files": [
                    "lib/random.php"
                ]
            },
            "notification-url": "https://packagist.org/downloads/",
            "license": [
                "MIT"
            ],
            "authors": [
                {
                    "name": "Paragon Initiative Enterprises",
                    "email": "security@paragonie.com",
                    "homepage": "https://paragonie.com"
                }
            ],
            "description": "PHP 5.x polyfill for random_bytes() and random_int() from PHP 7",
            "keywords": [
                "csprng",
                "pseudorandom",
                "random"
            ],
            "time": "2016-11-07 23:38:38"
        },
        {
            "name": "ramsey/uuid",
            "version": "3.5.1",
            "source": {
                "type": "git",
                "url": "https://github.com/ramsey/uuid.git",
                "reference": "a07797b986671b0dc823885a81d5e3516b931599"
            },
            "dist": {
                "type": "zip",
                "url": "https://api.github.com/repos/ramsey/uuid/zipball/a07797b986671b0dc823885a81d5e3516b931599",
                "reference": "a07797b986671b0dc823885a81d5e3516b931599",
                "shasum": ""
            },
            "require": {
                "paragonie/random_compat": "^1.0|^2.0",
                "php": ">=5.4"
            },
            "replace": {
                "rhumsaa/uuid": "self.version"
            },
            "require-dev": {
                "apigen/apigen": "^4.1",
                "codeception/aspect-mock": "1.0.0",
                "goaop/framework": "1.0.0-alpha.2",
                "ircmaxell/random-lib": "^1.1",
                "jakub-onderka/php-parallel-lint": "^0.9.0",
                "mockery/mockery": "^0.9.4",
                "moontoast/math": "^1.1",
                "phpunit/phpunit": "^4.7|>=5.0 <5.4",
                "satooshi/php-coveralls": "^0.6.1",
                "squizlabs/php_codesniffer": "^2.3"
            },
            "suggest": {
                "ext-libsodium": "Provides the PECL libsodium extension for use with the SodiumRandomGenerator",
                "ext-uuid": "Provides the PECL UUID extension for use with the PeclUuidTimeGenerator and PeclUuidRandomGenerator",
                "ircmaxell/random-lib": "Provides RandomLib for use with the RandomLibAdapter",
                "moontoast/math": "Provides support for converting UUID to 128-bit integer (in string form).",
                "ramsey/uuid-console": "A console application for generating UUIDs with ramsey/uuid",
                "ramsey/uuid-doctrine": "Allows the use of Ramsey\\Uuid\\Uuid as Doctrine field type."
            },
            "type": "library",
            "extra": {
                "branch-alias": {
                    "dev-master": "3.x-dev"
                }
            },
            "autoload": {
                "psr-4": {
                    "Ramsey\\Uuid\\": "src/"
                }
            },
            "notification-url": "https://packagist.org/downloads/",
            "license": [
                "MIT"
            ],
            "authors": [
                {
                    "name": "Marijn Huizendveld",
                    "email": "marijn.huizendveld@gmail.com"
                },
                {
                    "name": "Thibaud Fabre",
                    "email": "thibaud@aztech.io"
                },
                {
                    "name": "Ben Ramsey",
                    "email": "ben@benramsey.com",
                    "homepage": "https://benramsey.com"
                }
            ],
            "description": "Formerly rhumsaa/uuid. A PHP 5.4+ library for generating RFC 4122 version 1, 3, 4, and 5 universally unique identifiers (UUID).",
            "homepage": "https://github.com/ramsey/uuid",
            "keywords": [
                "guid",
                "identifier",
                "uuid"
            ],
            "time": "2016-10-02 15:51:17"
        }
    ],
    "packages-dev": [],
    "aliases": [],
    "minimum-stability": "stable",
    "stability-flags": [],
    "prefer-stable": false,
    "prefer-lowest": false,
    "platform": [],
    "platform-dev": []
}
